# This file is autogenerated, do not edit; changes may be undone by the next 'dep ensure'.


[[projects]]
  name = "github.com/veandco/go-sdl2"
  packages = ["sdl"]
  revision = "30f30965227962032c13bd0b12a89e6a5107c768"
  version = "v0.2"

[solve-meta]
  analyzer-name = "dep"
  analyzer-version = 1
  inputs-digest = "0b62d9d4a41df499ab35f104d28a0276a49c40af695c3eafa1590731ede75693"
  solver-name = "gps-cdcl"
  solver-version = 1
