# This file is autogenerated, do not edit; changes may be undone by the next 'dep ensure'.


[[projects]]
  branch = "master"
  name = "github.com/MichaelTJones/pcg"
  packages = ["."]
  revision = "2ebcd54841cef0e771d248b1dcd1cb681867b108"

[[projects]]
  name = "github.com/veandco/go-sdl2"
  packages = [
    "img",
    "sdl"
  ]
  revision = "30f30965227962032c13bd0b12a89e6a5107c768"
  version = "v0.2"

[[projects]]
  name = "golang.org/x/text"
  packages = [
    "encoding",
    "encoding/charmap",
    "encoding/internal",
    "encoding/internal/identifier",
    "internal/gen",
    "transform",
    "unicode/cldr"
  ]
  revision = "f21a4dfb5e38f5895301dc265a8def02365cc3d0"
  version = "v0.3.0"

[solve-meta]
  analyzer-name = "dep"
  analyzer-version = 1
  inputs-digest = "fad8037dda7f65aa63587ff8f1eacfda0b51de5649f490b1da8cbeb6742727df"
  solver-name = "gps-cdcl"
  solver-version = 1
